// !$*UTF8*$!
{
	archiveVersion = 1;
	classes = {
	};
	objectVersion = 55;
	objects = {

/* Begin PBXBuildFile section */
		BDF0ECAD2842331500E0FB42 /* ChatPresso.docc in Sources */ = {isa = PBXBuildFile; fileRef = BDF0ECAC2842331500E0FB42 /* ChatPresso.docc */; };
		BDF0ECB32842331500E0FB42 /* ChatPresso.framework in Frameworks */ = {isa = PBXBuildFile; fileRef = BDF0ECA82842331500E0FB42 /* ChatPresso.framework */; };
		BDF0ECB82842331500E0FB42 /* ChatPressoTests.swift in Sources */ = {isa = PBXBuildFile; fileRef = BDF0ECB72842331500E0FB42 /* ChatPressoTests.swift */; };
		BDF0ECB92842331500E0FB42 /* ChatPresso.h in Headers */ = {isa = PBXBuildFile; fileRef = BDF0ECAB2842331500E0FB42 /* ChatPresso.h */; settings = {ATTRIBUTES = (Public, ); }; };
/* End PBXBuildFile section */

/* Begin PBXContainerItemProxy section */
		BDF0ECB42842331500E0FB42 /* PBXContainerItemProxy */ = {
			isa = PBXContainerItemProxy;
			containerPortal = BDF0EC9F2842331500E0FB42 /* Project object */;
			proxyType = 1;
			remoteGlobalIDString = BDF0ECA72842331500E0FB42;
			remoteInfo = ChatPresso;
		};
/* End PBXContainerItemProxy section */

/* Begin PBXFileReference section */
		BDF0ECA82842331500E0FB42 /* ChatPresso.framework */ = {isa = PBXFileReference; explicitFileType = wrapper.framework; includeInIndex = 0; path = ChatPresso.framework; sourceTree = BUILT_PRODUCTS_DIR; };
		BDF0ECAB2842331500E0FB42 /* ChatPresso.h */ = {isa = PBXFileReference; lastKnownFileType = sourcecode.c.h; path = ChatPresso.h; sourceTree = "<group>"; };
		BDF0ECAC2842331500E0FB42 /* ChatPresso.docc */ = {isa = PBXFileReference; lastKnownFileType = folder.documentationcatalog; path = ChatPresso.docc; sourceTree = "<group>"; };
		BDF0ECB22842331500E0FB42 /* ChatPressoTests.xctest */ = {isa = PBXFileReference; explicitFileType = wrapper.cfbundle; includeInIndex = 0; path = ChatPressoTests.xctest; sourceTree = BUILT_PRODUCTS_DIR; };
		BDF0ECB72842331500E0FB42 /* ChatPressoTests.swift */ = {isa = PBXFileReference; lastKnownFileType = sourcecode.swift; path = ChatPressoTests.swift; sourceTree = "<group>"; };
/* End PBXFileReference section */

/* Begin PBXFrameworksBuildPhase section */
		BDF0ECA52842331500E0FB42 /* Frameworks */ = {
			isa = PBXFrameworksBuildPhase;
			buildActionMask = 2147483647;
			files = (
			);
			runOnlyForDeploymentPostprocessing = 0;
		};
		BDF0ECAF2842331500E0FB42 /* Frameworks */ = {
			isa = PBXFrameworksBuildPhase;
			buildActionMask = 2147483647;
			files = (
				BDF0ECB32842331500E0FB42 /* ChatPresso.framework in Frameworks */,
			);
			runOnlyForDeploymentPostprocessing = 0;
		};
/* End PBXFrameworksBuildPhase section */

/* Begin PBXGroup section */
		BDF0EC9E2842331500E0FB42 = {
			isa = PBXGroup;
			children = (
				BDF0ECAA2842331500E0FB42 /* ChatPresso */,
				BDF0ECB62842331500E0FB42 /* ChatPressoTests */,
				BDF0ECA92842331500E0FB42 /* Products */,
			);
			sourceTree = "<group>";
		};
		BDF0ECA92842331500E0FB42 /* Products */ = {
			isa = PBXGroup;
			children = (
				BDF0ECA82842331500E0FB42 /* ChatPresso.framework */,
				BDF0ECB22842331500E0FB42 /* ChatPressoTests.xctest */,
			);
			name = Products;
			sourceTree = "<group>";
		};
		BDF0ECAA2842331500E0FB42 /* ChatPresso */ = {
			isa = PBXGroup;
			children = (
				BDF0ECAB2842331500E0FB42 /* ChatPresso.h */,
				BDF0ECAC2842331500E0FB42 /* ChatPresso.docc */,
			);
			path = ChatPresso;
			sourceTree = "<group>";
		};
		BDF0ECB62842331500E0FB42 /* ChatPressoTests */ = {
			isa = PBXGroup;
			children = (
				BDF0ECB72842331500E0FB42 /* ChatPressoTests.swift */,
			);
			path = ChatPressoTests;
			sourceTree = "<group>";
		};
/* End PBXGroup section */

/* Begin PBXHeadersBuildPhase section */
		BDF0ECA32842331500E0FB42 /* Headers */ = {
			isa = PBXHeadersBuildPhase;
			buildActionMask = 2147483647;
			files = (
				BDF0ECB92842331500E0FB42 /* ChatPresso.h in Headers */,
			);
			runOnlyForDeploymentPostprocessing = 0;
		};
/* End PBXHeadersBuildPhase section */

/* Begin PBXNativeTarget section */
		BDF0ECA72842331500E0FB42 /* ChatPresso */ = {
			isa = PBXNativeTarget;
			buildConfigurationList = BDF0ECBC2842331500E0FB42 /* Build configuration list for PBXNativeTarget "ChatPresso" */;
			buildPhases = (
				BDF0ECA32842331500E0FB42 /* Headers */,
				BDF0ECA42842331500E0FB42 /* Sources */,
				BDF0ECA52842331500E0FB42 /* Frameworks */,
				BDF0ECA62842331500E0FB42 /* Resources */,
			);
			buildRules = (
			);
			dependencies = (
			);
			name = ChatPresso;
			productName = ChatPresso;
			productReference = BDF0ECA82842331500E0FB42 /* ChatPresso.framework */;
			productType = "com.apple.product-type.framework";
		};
		BDF0ECB12842331500E0FB42 /* ChatPressoTests */ = {
			isa = PBXNativeTarget;
			buildConfigurationList = BDF0ECBF2842331500E0FB42 /* Build configuration list for PBXNativeTarget "ChatPressoTests" */;
			buildPhases = (
				BDF0ECAE2842331500E0FB42 /* Sources */,
				BDF0ECAF2842331500E0FB42 /* Frameworks */,
				BDF0ECB02842331500E0FB42 /* Resources */,
			);
			buildRules = (
			);
			dependencies = (
				BDF0ECB52842331500E0FB42 /* PBXTargetDependency */,
			);
			name = ChatPressoTests;
			productName = ChatPressoTests;
			productReference = BDF0ECB22842331500E0FB42 /* ChatPressoTests.xctest */;
			productType = "com.apple.product-type.bundle.unit-test";
		};
/* End PBXNativeTarget section */

/* Begin PBXProject section */
		BDF0EC9F2842331500E0FB42 /* Project object */ = {
			isa = PBXProject;
			attributes = {
				BuildIndependentTargetsInParallel = 1;
				LastSwiftUpdateCheck = 1300;
				LastUpgradeCheck = 1300;
				TargetAttributes = {
					BDF0ECA72842331500E0FB42 = {
						CreatedOnToolsVersion = 13.0;
					};
					BDF0ECB12842331500E0FB42 = {
						CreatedOnToolsVersion = 13.0;
					};
				};
			};
			buildConfigurationList = BDF0ECA22842331500E0FB42 /* Build configuration list for PBXProject "ChatPresso" */;
			compatibilityVersion = "Xcode 13.0";
			developmentRegion = en;
			hasScannedForEncodings = 0;
			knownRegions = (
				en,
				Base,
			);
			mainGroup = BDF0EC9E2842331500E0FB42;
			productRefGroup = BDF0ECA92842331500E0FB42 /* Products */;
			projectDirPath = "";
			projectRoot = "";
			targets = (
				BDF0ECA72842331500E0FB42 /* ChatPresso */,
				BDF0ECB12842331500E0FB42 /* ChatPressoTests */,
			);
		};
/* End PBXProject section */

/* Begin PBXResourcesBuildPhase section */
		BDF0ECA62842331500E0FB42 /* Resources */ = {
			isa = PBXResourcesBuildPhase;
			buildActionMask = 2147483647;
			files = (
			);
			runOnlyForDeploymentPostprocessing = 0;
		};
		BDF0ECB02842331500E0FB42 /* Resources */ = {
			isa = PBXResourcesBuildPhase;
			buildActionMask = 2147483647;
			files = (
			);
			runOnlyForDeploymentPostprocessing = 0;
		};
/* End PBXResourcesBuildPhase section */

/* Begin PBXSourcesBuildPhase section */
		BDF0ECA42842331500E0FB42 /* Sources */ = {
			isa = PBXSourcesBuildPhase;
			buildActionMask = 2147483647;
			files = (
				BDF0ECAD2842331500E0FB42 /* ChatPresso.docc in Sources */,
			);
			runOnlyForDeploymentPostprocessing = 0;
		};
		BDF0ECAE2842331500E0FB42 /* Sources */ = {
			isa = PBXSourcesBuildPhase;
			buildActionMask = 2147483647;
			files = (
				BDF0ECB82842331500E0FB42 /* ChatPressoTests.swift in Sources */,
			);
			runOnlyForDeploymentPostprocessing = 0;
		};
/* End PBXSourcesBuildPhase section */

/* Begin PBXTargetDependency section */
		BDF0ECB52842331500E0FB42 /* PBXTargetDependency */ = {
			isa = PBXTargetDependency;
			target = BDF0ECA72842331500E0FB42 /* ChatPresso */;
			targetProxy = BDF0ECB42842331500E0FB42 /* PBXContainerItemProxy */;
		};
/* End PBXTargetDependency section */

/* Begin XCBuildConfiguration section */
		BDF0ECBA2842331500E0FB42 /* Debug */ = {
			isa = XCBuildConfiguration;
			buildSettings = {
				ALWAYS_SEARCH_USER_PATHS = NO;
				CLANG_ANALYZER_NONNULL = YES;
				CLANG_ANALYZER_NUMBER_OBJECT_CONVERSION = YES_AGGRESSIVE;
				CLANG_CXX_LANGUAGE_STANDARD = "gnu++17";
				CLANG_CXX_LIBRARY = "libc++";
				CLANG_ENABLE_MODULES = YES;
				CLANG_ENABLE_OBJC_ARC = YES;
				CLANG_ENABLE_OBJC_WEAK = YES;
				CLANG_WARN_BLOCK_CAPTURE_AUTORELEASING = YES;
				CLANG_WARN_BOOL_CONVERSION = YES;
				CLANG_WARN_COMMA = YES;
				CLANG_WARN_CONSTANT_CONVERSION = YES;
				CLANG_WARN_DEPRECATED_OBJC_IMPLEMENTATIONS = YES;
				CLANG_WARN_DIRECT_OBJC_ISA_USAGE = YES_ERROR;
				CLANG_WARN_DOCUMENTATION_COMMENTS = YES;
				CLANG_WARN_EMPTY_BODY = YES;
				CLANG_WARN_ENUM_CONVERSION = YES;
				CLANG_WARN_INFINITE_RECURSION = YES;
				CLANG_WARN_INT_CONVERSION = YES;
				CLANG_WARN_NON_LITERAL_NULL_CONVERSION = YES;
				CLANG_WARN_OBJC_IMPLICIT_RETAIN_SELF = YES;
				CLANG_WARN_OBJC_LITERAL_CONVERSION = YES;
				CLANG_WARN_OBJC_ROOT_CLASS = YES_ERROR;
				CLANG_WARN_QUOTED_INCLUDE_IN_FRAMEWORK_HEADER = YES;
				CLANG_WARN_RANGE_LOOP_ANALYSIS = YES;
				CLANG_WARN_STRICT_PROTOTYPES = YES;
				CLANG_WARN_SUSPICIOUS_MOVE = YES;
				CLANG_WARN_UNGUARDED_AVAILABILITY = YES_AGGRESSIVE;
				CLANG_WARN_UNREACHABLE_CODE = YES;
				CLANG_WARN__DUPLICATE_METHOD_MATCH = YES;
				COPY_PHASE_STRIP = NO;
				CURRENT_PROJECT_VERSION = 1;
				DEBUG_INFORMATION_FORMAT = dwarf;
				ENABLE_STRICT_OBJC_MSGSEND = YES;
				ENABLE_TESTABILITY = YES;
				GCC_C_LANGUAGE_STANDARD = gnu11;
				GCC_DYNAMIC_NO_PIC = NO;
				GCC_NO_COMMON_BLOCKS = YES;
				GCC_OPTIMIZATION_LEVEL = 0;
				GCC_PREPROCESSOR_DEFINITIONS = (
					"DEBUG=1",
					"$(inherited)",
				);
				GCC_WARN_64_TO_32_BIT_CONVERSION = YES;
				GCC_WARN_ABOUT_RETURN_TYPE = YES_ERROR;
				GCC_WARN_UNDECLARED_SELECTOR = YES;
				GCC_WARN_UNINITIALIZED_AUTOS = YES_AGGRESSIVE;
				GCC_WARN_UNUSED_FUNCTION = YES;
				GCC_WARN_UNUSED_VARIABLE = YES;
				IPHONEOS_DEPLOYMENT_TARGET = 15.0;
				MTL_ENABLE_DEBUG_INFO = INCLUDE_SOURCE;
				MTL_FAST_MATH = YES;
				ONLY_ACTIVE_ARCH = YES;
				SDKROOT = iphoneos;
				SWIFT_ACTIVE_COMPILATION_CONDITIONS = DEBUG;
				SWIFT_OPTIMIZATION_LEVEL = "-Onone";
				VERSIONING_SYSTEM = "apple-generic";
				VERSION_INFO_PREFIX = "";
			};
			name = Debug;
		};
		BDF0ECBB2842331500E0FB42 /* Release */ = {
			isa = XCBuildConfiguration;
			buildSettings = {
				ALWAYS_SEARCH_USER_PATHS = NO;
				CLANG_ANALYZER_NONNULL = YES;
				CLANG_ANALYZER_NUMBER_OBJECT_CONVERSION = YES_AGGRESSIVE;
				CLANG_CXX_LANGUAGE_STANDARD = "gnu++17";
				CLANG_CXX_LIBRARY = "libc++";
				CLANG_ENABLE_MODULES = YES;
				CLANG_ENABLE_OBJC_ARC = YES;
				CLANG_ENABLE_OBJC_WEAK = YES;
				CLANG_WARN_BLOCK_CAPTURE_AUTORELEASING = YES;
				CLANG_WARN_BOOL_CONVERSION = YES;
				CLANG_WARN_COMMA = YES;
				CLANG_WARN_CONSTANT_CONVERSION = YES;
				CLANG_WARN_DEPRECATED_OBJC_IMPLEMENTATIONS = YES;
				CLANG_WARN_DIRECT_OBJC_ISA_USAGE = YES_ERROR;
				CLANG_WARN_DOCUMENTATION_COMMENTS = YES;
				CLANG_WARN_EMPTY_BODY = YES;
				CLANG_WARN_ENUM_CONVERSION = YES;
				CLANG_WARN_INFINITE_RECURSION = YES;
				CLANG_WARN_INT_CONVERSION = YES;
				CLANG_WARN_NON_LITERAL_NULL_CONVERSION = YES;
				CLANG_WARN_OBJC_IMPLICIT_RETAIN_SELF = YES;
				CLANG_WARN_OBJC_LITERAL_CONVERSION = YES;
				CLANG_WARN_OBJC_ROOT_CLASS = YES_ERROR;
				CLANG_WARN_QUOTED_INCLUDE_IN_FRAMEWORK_HEADER = YES;
				CLANG_WARN_RANGE_LOOP_ANALYSIS = YES;
				CLANG_WARN_STRICT_PROTOTYPES = YES;
				CLANG_WARN_SUSPICIOUS_MOVE = YES;
				CLANG_WARN_UNGUARDED_AVAILABILITY = YES_AGGRESSIVE;
				CLANG_WARN_UNREACHABLE_CODE = YES;
				CLANG_WARN__DUPLICATE_METHOD_MATCH = YES;
				COPY_PHASE_STRIP = NO;
				CURRENT_PROJECT_VERSION = 1;
				DEBUG_INFORMATION_FORMAT = "dwarf-with-dsym";
				ENABLE_NS_ASSERTIONS = NO;
				ENABLE_STRICT_OBJC_MSGSEND = YES;
				GCC_C_LANGUAGE_STANDARD = gnu11;
				GCC_NO_COMMON_BLOCKS = YES;
				GCC_WARN_64_TO_32_BIT_CONVERSION = YES;
				GCC_WARN_ABOUT_RETURN_TYPE = YES_ERROR;
				GCC_WARN_UNDECLARED_SELECTOR = YES;
				GCC_WARN_UNINITIALIZED_AUTOS = YES_AGGRESSIVE;
				GCC_WARN_UNUSED_FUNCTION = YES;
				GCC_WARN_UNUSED_VARIABLE = YES;
				IPHONEOS_DEPLOYMENT_TARGET = 15.0;
				MTL_ENABLE_DEBUG_INFO = NO;
				MTL_FAST_MATH = YES;
				SDKROOT = iphoneos;
				SWIFT_COMPILATION_MODE = wholemodule;
				SWIFT_OPTIMIZATION_LEVEL = "-O";
				VALIDATE_PRODUCT = YES;
				VERSIONING_SYSTEM = "apple-generic";
				VERSION_INFO_PREFIX = "";
			};
			name = Release;
		};
		BDF0ECBD2842331500E0FB42 /* Debug */ = {
			isa = XCBuildConfiguration;
			buildSettings = {
				CODE_SIGN_STYLE = Automatic;
				CURRENT_PROJECT_VERSION = 1;
				DEFINES_MODULE = YES;
				DYLIB_COMPATIBILITY_VERSION = 1;
				DYLIB_CURRENT_VERSION = 1;
				DYLIB_INSTALL_NAME_BASE = "@rpath";
				GENERATE_INFOPLIST_FILE = YES;
				INFOPLIST_KEY_NSHumanReadableCopyright = "";
				INSTALL_PATH = "$(LOCAL_LIBRARY_DIR)/Frameworks";
				LD_RUNPATH_SEARCH_PATHS = (
					"$(inherited)",
					"@executable_path/Frameworks",
					"@loader_path/Frameworks",
				);
				MARKETING_VERSION = 1.0;
				PRODUCT_BUNDLE_IDENTIFIER = batuhangoktepe.ChatPresso;
				PRODUCT_NAME = "$(TARGET_NAME:c99extidentifier)";
				SKIP_INSTALL = YES;
				SWIFT_EMIT_LOC_STRINGS = YES;
				SWIFT_VERSION = 5.0;
				TARGETED_DEVICE_FAMILY = "1,2";
			};
			name = Debug;
		};
		BDF0ECBE2842331500E0FB42 /* Release */ = {
			isa = XCBuildConfiguration;
			buildSettings = {
				CODE_SIGN_STYLE = Automatic;
				CURRENT_PROJECT_VERSION = 1;
				DEFINES_MODULE = YES;
				DYLIB_COMPATIBILITY_VERSION = 1;
				DYLIB_CURRENT_VERSION = 1;
				DYLIB_INSTALL_NAME_BASE = "@rpath";
				GENERATE_INFOPLIST_FILE = YES;
				INFOPLIST_KEY_NSHumanReadableCopyright = "";
				INSTALL_PATH = "$(LOCAL_LIBRARY_DIR)/Frameworks";
				LD_RUNPATH_SEARCH_PATHS = (
					"$(inherited)",
					"@executable_path/Frameworks",
					"@loader_path/Frameworks",
				);
				MARKETING_VERSION = 1.0;
				PRODUCT_BUNDLE_IDENTIFIER = batuhangoktepe.ChatPresso;
				PRODUCT_NAME = "$(TARGET_NAME:c99extidentifier)";
				SKIP_INSTALL = YES;
				SWIFT_EMIT_LOC_STRINGS = YES;
				SWIFT_VERSION = 5.0;
				TARGETED_DEVICE_FAMILY = "1,2";
			};
			name = Release;
		};
		BDF0ECC02842331500E0FB42 /* Debug */ = {
			isa = XCBuildConfiguration;
			buildSettings = {
				CODE_SIGN_STYLE = Automatic;
				CURRENT_PROJECT_VERSION = 1;
				GENERATE_INFOPLIST_FILE = YES;
				LD_RUNPATH_SEARCH_PATHS = (
					"$(inherited)",
					"@executable_path/Frameworks",
					"@loader_path/Frameworks",
				);
				MARKETING_VERSION = 1.0;
				PRODUCT_BUNDLE_IDENTIFIER = batuhangoktepe.ChatPressoTests;
				PRODUCT_NAME = "$(TARGET_NAME)";
				SWIFT_EMIT_LOC_STRINGS = NO;
				SWIFT_VERSION = 5.0;
				TARGETED_DEVICE_FAMILY = "1,2";
			};
			name = Debug;
		};
		BDF0ECC12842331500E0FB42 /* Release */ = {
			isa = XCBuildConfiguration;
			buildSettings = {
				CODE_SIGN_STYLE = Automatic;
				CURRENT_PROJECT_VERSION = 1;
				GENERATE_INFOPLIST_FILE = YES;
				LD_RUNPATH_SEARCH_PATHS = (
					"$(inherited)",
					"@executable_path/Frameworks",
					"@loader_path/Frameworks",
				);
				MARKETING_VERSION = 1.0;
				PRODUCT_BUNDLE_IDENTIFIER = batuhangoktepe.ChatPressoTests;
				PRODUCT_NAME = "$(TARGET_NAME)";
				SWIFT_EMIT_LOC_STRINGS = NO;
				SWIFT_VERSION = 5.0;
				TARGETED_DEVICE_FAMILY = "1,2";
			};
			name = Release;
		};
/* End XCBuildConfiguration section */

/* Begin XCConfigurationList section */
		BDF0ECA22842331500E0FB42 /* Build configuration list for PBXProject "ChatPresso" */ = {
			isa = XCConfigurationList;
			buildConfigurations = (
				BDF0ECBA2842331500E0FB42 /* Debug */,
				BDF0ECBB2842331500E0FB42 /* Release */,
			);
			defaultConfigurationIsVisible = 0;
			defaultConfigurationName = Release;
		};
		BDF0ECBC2842331500E0FB42 /* Build configuration list for PBXNativeTarget "ChatPresso" */ = {
			isa = XCConfigurationList;
			buildConfigurations = (
				BDF0ECBD2842331500E0FB42 /* Debug */,
				BDF0ECBE2842331500E0FB42 /* Release */,
			);
			defaultConfigurationIsVisible = 0;
			defaultConfigurationName = Release;
		};
		BDF0ECBF2842331500E0FB42 /* Build configuration list for PBXNativeTarget "ChatPressoTests" */ = {
			isa = XCConfigurationList;
			buildConfigurations = (
				BDF0ECC02842331500E0FB42 /* Debug */,
				BDF0ECC12842331500E0FB42 /* Release */,
			);
			defaultConfigurationIsVisible = 0;
			defaultConfigurationName = Release;
		};
/* End XCConfigurationList section */
	};
	rootObject = BDF0EC9F2842331500E0FB42 /* Project object */;
}
